[tools.cargo-binstall]
version = "1.14.4"
backend = "aqua:cargo-bins/cargo-binstall"

[tools.cargo-binstall.platforms.linux-x64]
checksum = "blake3:b2a4a55c83830ef20d2024c5d7394df9571fecd06c24e5f99568899dc507ace0"
size = 6715267
url = "https://github.com/cargo-bins/cargo-binstall/releases/download/v1.14.4/cargo-binstall-x86_64-unknown-linux-musl.tgz"

[tools."cargo:mdbook"]
version = "0.4.52"
backend = "cargo:mdbook"

[tools."cargo:mdbook-d2"]
version = "0.3.6"
backend = "cargo:mdbook-d2"

[tools."cargo:mdbook-linkcheck"]
version = "0.7.7"
backend = "cargo:mdbook-linkcheck"

[tools."cargo:mdbook-pandoc"]
version = "0.10.5"
backend = "cargo:mdbook-pandoc"

[tools."github:terrastruct/d2"]
version = "0.7.0"
backend = "github:terrastruct/d2"

[tools."github:terrastruct/d2".platforms.linux-x64]
checksum = "blake3:fbd86f8e52714daffde5b0eb746653c869ec5f3af34deda0c184ef1aaa76a251"
size = 20550305
url = "https://github.com/terrastruct/d2/releases/download/v0.7.0/d2-v0.7.0-linux-amd64.tar.gz"

[tools.just]
version = "1.42.4"
backend = "aqua:casey/just"

[tools.pandoc]
version = "3.7.0.2"
backend = "ubi:jgm/pandoc"

[tools.pandoc.platforms.linux-x64-pandoc]
checksum = "blake3:d771aa2a0fa9e958f70ebac4511251433a5798129e4ae8b56a4a29876add0a30"

[tools.pipx]
version = "1.7.1"
backend = "asdf:pipx"

[tools."pipx:rumdl"]
version = "0.0.113"
backend = "pipx:rumdl"

[tools.python]
version = "3.13.6"
backend = "core:python"

[tools.tinytex]
version = "2025.08.02"
backend = "asdf:tinytex"
