[[tools.cargo-binstall]]
version = "1.16.6"
backend = "aqua:cargo-bins/cargo-binstall"
"platforms.linux-arm64" = { checksum = "sha256:b556421835ba67fa98ca1570c85b5511457956b7836ce938b47d3f73899517a3", url = "https://github.com/cargo-bins/cargo-binstall/releases/download/v1.16.6/cargo-binstall-aarch64-unknown-linux-musl.tgz"}

[[tools."cargo:mdbook"]]
version = "0.5.2"
backend = "cargo:mdbook"

[[tools."cargo:mdbook-d2"]]
version = "0.3.8"
backend = "cargo:mdbook-d2"

[[tools."cargo:mdbook-linkcheck"]]
version = "0.7.7"
backend = "cargo:mdbook-linkcheck"

[[tools."cargo:mdbook-pandoc"]]
version = "0.11.0"
backend = "cargo:mdbook-pandoc"

[[tools.d2]]
version = "0.7.1"
backend = "aqua:terrastruct/d2"
"platforms.linux-arm64" = { checksum = "sha256:ce3a0b985a8f91335a826c254b3a88736fd81afcdd08b58f6c749d2add6864b0", url = "https://github.com/terrastruct/d2/releases/download/v0.7.1/d2-v0.7.1-linux-arm64.tar.gz"}

[[tools."github:terrastruct/d2"]]
version = "0.7.1"
backend = "github:terrastruct/d2"
"platforms.linux-arm64" = { checksum = "sha256:ce3a0b985a8f91335a826c254b3a88736fd81afcdd08b58f6c749d2add6864b0", url = "https://github.com/terrastruct/d2/releases/download/v0.7.1/d2-v0.7.1-linux-arm64.tar.gz", url_api = "https://api.github.com/repos/terrastruct/d2/releases/assets/284023126"}

[[tools.just]]
version = "1.42.4"
backend = "aqua:casey/just"
"platforms.linux-arm64" = { checksum = "sha256:beb35a4ed1208ffbb0fef26042c65875759a5358b9ee1a7856dec8490dfd4aca", url = "https://github.com/casey/just/releases/download/1.42.4/just-1.42.4-aarch64-unknown-linux-musl.tar.gz"}
"platforms.linux-x64" = { checksum = "sha256:678efc1cfbd5fa5a88375daa7e2f3864a049d6d63a0296df925a2ae5f516cb56", url = "https://github.com/casey/just/releases/download/1.42.4/just-1.42.4-x86_64-unknown-linux-musl.tar.gz"}
"platforms.macos-arm64" = { checksum = "sha256:9bea24da39a54f1517ebc8d050789e9631eaf9bcec76a94866a9955a3a1a663f", url = "https://github.com/casey/just/releases/download/1.42.4/just-1.42.4-aarch64-apple-darwin.tar.gz"}
"platforms.macos-x64" = { checksum = "sha256:ec8781b4341552877a432a922818f1656bcee6ec51155dbbdba490d9bd8f8dd2", url = "https://github.com/casey/just/releases/download/1.42.4/just-1.42.4-x86_64-apple-darwin.tar.gz"}
"platforms.windows-x64" = { checksum = "sha256:238cb448eb2ced3f7ac2f32872cf08244179b10b2d3f67e9069087ccbdc3d7f6", url = "https://github.com/casey/just/releases/download/1.42.4/just-1.42.4-x86_64-pc-windows-msvc.zip"}

[[tools.lychee]]
version = "0.22.0"
backend = "aqua:lycheeverse/lychee"

[[tools.rumdl]]
version = "0.0.216"
backend = "github:rvben/rumdl"
"platforms.linux-arm64" = { checksum = "sha256:4fc199c9b2845b306da920d126eb071edd99384230af189b2ddf71b84984dbf6", url = "https://github.com/rvben/rumdl/releases/download/v0.0.216/rumdl-v0.0.216-aarch64-unknown-linux-gnu.tar.gz", url_api = "https://api.github.com/repos/rvben/rumdl/releases/assets/339886285"}
